<Solution>
  <Folder Name="/Task0/">
    <Project Path="Tyuiu.MoskalenkoMM.Sprint0.Task0.V0/Tyuiu.MoskalenkoMM.Sprint0.Task0.V0.csproj" />
  </Folder>
  <Folder Name="/Task1/">
    <Project Path="Tyuiu.MosaklenkoMM.Sprint0.Task1.V0/Tyuiu.MosaklenkoMM.Sprint0.Task1.V0.csproj" Id="42a2c6ea-ff8d-41a9-bbcd-0679adcd557a" />
  </Folder>
  <Folder Name="/Task2/">
    <Project Path="Tyuiu.MoskalenkoMM.Sprint0.Task2.V0.Lib/Tyuiu.MoskalenkoMM.Sprint0.Task2.V0.Lib.csproj" Id="e8b5e91b-a32e-4ee8-8633-8c4aa90de408" />
    <Project Path="Tyuiu.MoskalenkoMM.Sprint0.Task2.V0.Test/Tyuiu.MoskalenkoMM.Sprint0.Task2.V0.Test.csproj" Id="738b34c1-b5df-4e8c-8912-4ce2dc6300ca" />
    <Project Path="Tyuiu.MoskalenkoMM.Sprint0.Task2.V0/Tyuiu.MoskalenkoMM.Sprint0.Task2.V0.csproj" Id="e090a733-a1a3-4702-865f-c4d0fdfba872" />
  </Folder>
  <Folder Name="/Task3/">
    <Project Path="Tyuiu.MoskalenkoMM.Sprint0.Task3.V0.Lib/Tyuiu.MoskalenkoMM.Sprint0.Task3.V0.Lib.csproj" Id="123253d1-17ef-4283-9c11-91782246b877" />
    <Project Path="Tyuiu.MoskalenkoMM.Sprint0.Task3.V0.Test/Tyuiu.MoskalenkoMM.Sprint0.Task3.V0.Test.csproj" Id="04ce1ab3-fd87-4e8b-b293-c116137aeead" />
    <Project Path="Tyuiu.MoskalenkoMM.Sprint0.Task3.V0/Tyuiu.MoskalenkoMM.Sprint0.Task3.V0.csproj" Id="04ab1f76-37e7-40de-8c9c-80b0b892ba08" />
  </Folder>
  <Folder Name="/Task4/">
    <Project Path="Tyuiu.MoskalenkoMM.Sprint0.Task4.V0.Lib/Tyuiu.MoskalenkoMM.Sprint0.Task4.V0.Lib.csproj" Id="8e8071d0-c693-45a4-9900-69bd6a1d2cef" />
    <Project Path="Tyuiu.MoskalenkoMM.Sprint0.Task4.V0.Test/Tyuiu.MoskalenkoMM.Sprint0.Task4.V0.Test.csproj" Id="8b1d31a8-4f48-47df-bb03-2221f6820ad0" />
    <Project Path="Tyuiu.MoskalenkoMM.Sprint0.Task4.V0/Tyuiu.MoskalenkoMM.Sprint0.Task4.V0.csproj" Id="5fc65581-41f0-4867-9007-4ef81f9b7cb0" />
  </Folder>
  <Folder Name="/Task5/">
    <Project Path="Tyuiu.MoskalenkoMM.Sprint0.Task5.V0.Lib/Tyuiu.MoskalenkoMM.Sprint0.Task5.V0.Lib.csproj" Id="d9eb0461-91dc-413e-b470-80bdd369efae" />
    <Project Path="Tyuiu.MoskalenkoMM.Sprint0.Task5.V0.Test/Tyuiu.MoskalenkoMM.Sprint0.Task5.V0.Test.csproj" Id="36e6d69e-3329-4701-995c-a33890faf02a" />
    <Project Path="Tyuiu.MoskalenkoMM.Sprint0.Task5.V0/Tyuiu.MoskalenkoMM.Sprint0.Task5.V0.csproj" Id="b9b6fb89-ff53-48c7-b922-ff2c1baff19f" />
  </Folder>
</Solution>
